
Microsoft Visual Studio Solution File, Format Version 12.00
# Visual Studio Version 16
VisualStudioVersion = 16.0.32901.82
MinimumVisualStudioVersion = 10.0.40219.1
Project("{C9674DCB-5085-4A16-B785-4C70DD1589BD}") = "Sql Server Integration Services Project3", "Sql Server Integration Services Project3\Sql Server Integration Services Project3.dtproj", "{0310E510-9561-47D6-A1EB-8D9BBE208D5E}"
EndProject
Global
	GlobalSection(SolutionConfigurationPlatforms) = preSolution
		Development|Default = Development|Default
	EndGlobalSection
	GlobalSection(ProjectConfigurationPlatforms) = postSolution
		{0310E510-9561-47D6-A1EB-8D9BBE208D5E}.Development|Default.ActiveCfg = Development
		{0310E510-9561-47D6-A1EB-8D9BBE208D5E}.Development|Default.Build.0 = Development
	EndGlobalSection
	GlobalSection(SolutionProperties) = preSolution
		HideSolutionNode = FALSE
	EndGlobalSection
	GlobalSection(ExtensibilityGlobals) = postSolution
		SolutionGuid = {85CC2EB5-0356-438E-A43E-0AD6EDDB82A1}
	EndGlobalSection
EndGlobal
